
Microsoft Visual Studio Solution File, Format Version 12.00
# Visual Studio Version 17
VisualStudioVersion = 17.10.35013.160
MinimumVisualStudioVersion = 10.0.40219.1
Project("{FAE04EC0-301F-11D3-BF4B-00C04F79EFBC}") = "ActiVizTest", "ActiVizTest\ActiVizTest.csproj", "{59571DF0-FCD0-4BAB-9C61-D01B781C55FB}"
EndProject
Global
	GlobalSection(SolutionConfigurationPlatforms) = preSolution
		Debug|Any CPU = Debug|Any CPU
		Release|Any CPU = Release|Any CPU
	EndGlobalSection
	GlobalSection(ProjectConfigurationPlatforms) = postSolution
		{59571DF0-FCD0-4BAB-9C61-D01B781C55FB}.Debug|Any CPU.ActiveCfg = Debug|Any CPU
		{59571DF0-FCD0-4BAB-9C61-D01B781C55FB}.Debug|Any CPU.Build.0 = Debug|Any CPU
		{59571DF0-FCD0-4BAB-9C61-D01B781C55FB}.Release|Any CPU.ActiveCfg = Release|Any CPU
		{59571DF0-FCD0-4BAB-9C61-D01B781C55FB}.Release|Any CPU.Build.0 = Release|Any CPU
	EndGlobalSection
	GlobalSection(SolutionProperties) = preSolution
		HideSolutionNode = FALSE
	EndGlobalSection
	GlobalSection(ExtensibilityGlobals) = postSolution
		SolutionGuid = {FE4EEBDF-D336-42D5-8F44-92655B2AF381}
	EndGlobalSection
EndGlobal
